
Microsoft Visual Studio Solution File, Format Version 12.00
# Visual Studio 2013
VisualStudioVersion = 12.0.31101.0
MinimumVisualStudioVersion = 10.0.40219.1
Project("{FAE04EC0-301F-11D3-BF4B-00C04F79EFBC}") = "bootstraptest", "bootstraptest\bootstraptest.csproj", "{ACFF967A-DB93-4F06-AF53-A9C644776BAD}"
EndProject
Project("{2150E333-8FDC-42A3-9474-1A3956D46DE8}") = "PublishScripts", "PublishScripts", "{7A7DF603-31F2-4173-AB06-1717D6C96BD4}"
	ProjectSection(SolutionItems) = preProject
		PublishScripts\AzureWebsitePublishModule.psm1 = PublishScripts\AzureWebsitePublishModule.psm1
		PublishScripts\Publish-WebApplicationWebsite.ps1 = PublishScripts\Publish-WebApplicationWebsite.ps1
	EndProjectSection
EndProject
Project("{2150E333-8FDC-42A3-9474-1A3956D46DE8}") = "Configurations", "Configurations", "{67DC970C-0EA3-48F3-866D-49CF71330A61}"
	ProjectSection(SolutionItems) = preProject
		PublishScripts\Configurations\bootstraptest-WAWS-dev.json = PublishScripts\Configurations\bootstraptest-WAWS-dev.json
	EndProjectSection
EndProject
Global
	GlobalSection(SolutionConfigurationPlatforms) = preSolution
		Debug|Any CPU = Debug|Any CPU
		Release|Any CPU = Release|Any CPU
	EndGlobalSection
	GlobalSection(ProjectConfigurationPlatforms) = postSolution
		{ACFF967A-DB93-4F06-AF53-A9C644776BAD}.Debug|Any CPU.ActiveCfg = Debug|Any CPU
		{ACFF967A-DB93-4F06-AF53-A9C644776BAD}.Debug|Any CPU.Build.0 = Debug|Any CPU
		{ACFF967A-DB93-4F06-AF53-A9C644776BAD}.Release|Any CPU.ActiveCfg = Release|Any CPU
		{ACFF967A-DB93-4F06-AF53-A9C644776BAD}.Release|Any CPU.Build.0 = Release|Any CPU
	EndGlobalSection
	GlobalSection(SolutionProperties) = preSolution
		HideSolutionNode = FALSE
	EndGlobalSection
	GlobalSection(NestedProjects) = preSolution
		{67DC970C-0EA3-48F3-866D-49CF71330A61} = {7A7DF603-31F2-4173-AB06-1717D6C96BD4}
	EndGlobalSection
EndGlobal
